
Microsoft Visual Studio Solution File, Format Version 12.00
# Visual Studio Version 16
VisualStudioVersion = 16.0.32106.194
MinimumVisualStudioVersion = 10.0.40219.1
Project("{FAE04EC0-301F-11D3-BF4B-00C04F79EFBC}") = "MySQL_Database_Generator", "MySQL_Database_Generator.csproj", "{01CE0E6C-BC19-4F2A-B20E-08DB7476EBD2}"
EndProject
Global
	GlobalSection(SolutionConfigurationPlatforms) = preSolution
		Debug|Any CPU = Debug|Any CPU
		Release|Any CPU = Release|Any CPU
	EndGlobalSection
	GlobalSection(ProjectConfigurationPlatforms) = postSolution
		{01CE0E6C-BC19-4F2A-B20E-08DB7476EBD2}.Debug|Any CPU.ActiveCfg = Debug|Any CPU
		{01CE0E6C-BC19-4F2A-B20E-08DB7476EBD2}.Debug|Any CPU.Build.0 = Debug|Any CPU
		{01CE0E6C-BC19-4F2A-B20E-08DB7476EBD2}.Release|Any CPU.ActiveCfg = Release|Any CPU
		{01CE0E6C-BC19-4F2A-B20E-08DB7476EBD2}.Release|Any CPU.Build.0 = Release|Any CPU
	EndGlobalSection
	GlobalSection(SolutionProperties) = preSolution
		HideSolutionNode = FALSE
	EndGlobalSection
	GlobalSection(ExtensibilityGlobals) = postSolution
		SolutionGuid = {7E050840-642F-414D-936C-3E826F4DAF5F}
	EndGlobalSection
EndGlobal
